// !$*UTF8*$!
{
	archiveVersion = 1;
	classes = {
	};
	objectVersion = 56;
	objects = {

/* Begin PBXBuildFile section */
		DD82020E2B76877600E48B10 /* MindHarmonyApp.swift in Sources */ = {isa = PBXBuildFile; fileRef = DD82020D2B76877600E48B10 /* MindHarmonyApp.swift */; };
		DD8202102B76877600E48B10 /* ContentView.swift in Sources */ = {isa = PBXBuildFile; fileRef = DD82020F2B76877600E48B10 /* ContentView.swift */; };
		DD8202122B76877900E48B10 /* Assets.xcassets in Resources */ = {isa = PBXBuildFile; fileRef = DD8202112B76877900E48B10 /* Assets.xcassets */; };
		DD8202152B76877900E48B10 /* Preview Assets.xcassets in Resources */ = {isa = PBXBuildFile; fileRef = DD8202142B76877900E48B10 /* Preview Assets.xcassets */; };
		DD82021F2B76877900E48B10 /* MindHarmonyTests.swift in Sources */ = {isa = PBXBuildFile; fileRef = DD82021E2B76877900E48B10 /* MindHarmonyTests.swift */; };
		DD8202292B76877900E48B10 /* MindHarmonyUITests.swift in Sources */ = {isa = PBXBuildFile; fileRef = DD8202282B76877900E48B10 /* MindHarmonyUITests.swift */; };
		DD82022B2B76877900E48B10 /* MindHarmonyUITestsLaunchTests.swift in Sources */ = {isa = PBXBuildFile; fileRef = DD82022A2B76877900E48B10 /* MindHarmonyUITestsLaunchTests.swift */; };
/* End PBXBuildFile section */

/* Begin PBXContainerItemProxy section */
		DD82021B2B76877900E48B10 /* PBXContainerItemProxy */ = {
			isa = PBXContainerItemProxy;
			containerPortal = DD8202022B76877600E48B10 /* Project object */;
			proxyType = 1;
			remoteGlobalIDString = DD8202092B76877600E48B10;
			remoteInfo = MindHarmony;
		};
		DD8202252B76877900E48B10 /* PBXContainerItemProxy */ = {
			isa = PBXContainerItemProxy;
			containerPortal = DD8202022B76877600E48B10 /* Project object */;
			proxyType = 1;
			remoteGlobalIDString = DD8202092B76877600E48B10;
			remoteInfo = MindHarmony;
		};
/* End PBXContainerItemProxy section */

/* Begin PBXFileReference section */
		DD82020A2B76877600E48B10 /* MindHarmony.app */ = {isa = PBXFileReference; explicitFileType = wrapper.application; includeInIndex = 0; path = MindHarmony.app; sourceTree = BUILT_PRODUCTS_DIR; };
		DD82020D2B76877600E48B10 /* MindHarmonyApp.swift */ = {isa = PBXFileReference; lastKnownFileType = sourcecode.swift; path = MindHarmonyApp.swift; sourceTree = "<group>"; };
		DD82020F2B76877600E48B10 /* ContentView.swift */ = {isa = PBXFileReference; lastKnownFileType = sourcecode.swift; path = ContentView.swift; sourceTree = "<group>"; };
		DD8202112B76877900E48B10 /* Assets.xcassets */ = {isa = PBXFileReference; lastKnownFileType = folder.assetcatalog; path = Assets.xcassets; sourceTree = "<group>"; };
		DD8202142B76877900E48B10 /* Preview Assets.xcassets */ = {isa = PBXFileReference; lastKnownFileType = folder.assetcatalog; path = "Preview Assets.xcassets"; sourceTree = "<group>"; };
		DD82021A2B76877900E48B10 /* MindHarmonyTests.xctest */ = {isa = PBXFileReference; explicitFileType = wrapper.cfbundle; includeInIndex = 0; path = MindHarmonyTests.xctest; sourceTree = BUILT_PRODUCTS_DIR; };
		DD82021E2B76877900E48B10 /* MindHarmonyTests.swift */ = {isa = PBXFileReference; lastKnownFileType = sourcecode.swift; path = MindHarmonyTests.swift; sourceTree = "<group>"; };
		DD8202242B76877900E48B10 /* MindHarmonyUITests.xctest */ = {isa = PBXFileReference; explicitFileType = wrapper.cfbundle; includeInIndex = 0; path = MindHarmonyUITests.xctest; sourceTree = BUILT_PRODUCTS_DIR; };
		DD8202282B76877900E48B10 /* MindHarmonyUITests.swift */ = {isa = PBXFileReference; lastKnownFileType = sourcecode.swift; path = MindHarmonyUITests.swift; sourceTree = "<group>"; };
		DD82022A2B76877900E48B10 /* MindHarmonyUITestsLaunchTests.swift */ = {isa = PBXFileReference; lastKnownFileType = sourcecode.swift; path = MindHarmonyUITestsLaunchTests.swift; sourceTree = "<group>"; };
/* End PBXFileReference section */

/* Begin PBXFrameworksBuildPhase section */
		DD8202072B76877600E48B10 /* Frameworks */ = {
			isa = PBXFrameworksBuildPhase;
			buildActionMask = 2147483647;
			files = (
			);
			runOnlyForDeploymentPostprocessing = 0;
		};
		DD8202172B76877900E48B10 /* Frameworks */ = {
			isa = PBXFrameworksBuildPhase;
			buildActionMask = 2147483647;
			files = (
			);
			runOnlyForDeploymentPostprocessing = 0;
		};
		DD8202212B76877900E48B10 /* Frameworks */ = {
			isa = PBXFrameworksBuildPhase;
			buildActionMask = 2147483647;
			files = (
			);
			runOnlyForDeploymentPostprocessing = 0;
		};
/* End PBXFrameworksBuildPhase section */

/* Begin PBXGroup section */
		DD8202012B76877600E48B10 = {
			isa = PBXGroup;
			children = (
				DD82020C2B76877600E48B10 /* MindHarmony */,
				DD82021D2B76877900E48B10 /* MindHarmonyTests */,
				DD8202272B76877900E48B10 /* MindHarmonyUITests */,
				DD82020B2B76877600E48B10 /* Products */,
			);
			sourceTree = "<group>";
		};
		DD82020B2B76877600E48B10 /* Products */ = {
			isa = PBXGroup;
			children = (
				DD82020A2B76877600E48B10 /* MindHarmony.app */,
				DD82021A2B76877900E48B10 /* MindHarmonyTests.xctest */,
				DD8202242B76877900E48B10 /* MindHarmonyUITests.xctest */,
			);
			name = Products;
			sourceTree = "<group>";
		};
		DD82020C2B76877600E48B10 /* MindHarmony */ = {
			isa = PBXGroup;
			children = (
				DD82020D2B76877600E48B10 /* MindHarmonyApp.swift */,
				DD82020F2B76877600E48B10 /* ContentView.swift */,
				DD8202112B76877900E48B10 /* Assets.xcassets */,
				DD8202132B76877900E48B10 /* Preview Content */,
			);
			path = MindHarmony;
			sourceTree = "<group>";
		};
		DD8202132B76877900E48B10 /* Preview Content */ = {
			isa = PBXGroup;
			children = (
				DD8202142B76877900E48B10 /* Preview Assets.xcassets */,
			);
			path = "Preview Content";
			sourceTree = "<group>";
		};
		DD82021D2B76877900E48B10 /* MindHarmonyTests */ = {
			isa = PBXGroup;
			children = (
				DD82021E2B76877900E48B10 /* MindHarmonyTests.swift */,
			);
			path = MindHarmonyTests;
			sourceTree = "<group>";
		};
		DD8202272B76877900E48B10 /* MindHarmonyUITests */ = {
			isa = PBXGroup;
			children = (
				DD8202282B76877900E48B10 /* MindHarmonyUITests.swift */,
				DD82022A2B76877900E48B10 /* MindHarmonyUITestsLaunchTests.swift */,
			);
			path = MindHarmonyUITests;
			sourceTree = "<group>";
		};
/* End PBXGroup section */

/* Begin PBXNativeTarget section */
		DD8202092B76877600E48B10 /* MindHarmony */ = {
			isa = PBXNativeTarget;
			buildConfigurationList = DD82022E2B76877900E48B10 /* Build configuration list for PBXNativeTarget "MindHarmony" */;
			buildPhases = (
				DD8202062B76877600E48B10 /* Sources */,
				DD8202072B76877600E48B10 /* Frameworks */,
				DD8202082B76877600E48B10 /* Resources */,
			);
			buildRules = (
			);
			dependencies = (
			);
			name = MindHarmony;
			productName = MindHarmony;
			productReference = DD82020A2B76877600E48B10 /* MindHarmony.app */;
			productType = "com.apple.product-type.application";
		};
		DD8202192B76877900E48B10 /* MindHarmonyTests */ = {
			isa = PBXNativeTarget;
			buildConfigurationList = DD8202312B76877900E48B10 /* Build configuration list for PBXNativeTarget "MindHarmonyTests" */;
			buildPhases = (
				DD8202162B76877900E48B10 /* Sources */,
				DD8202172B76877900E48B10 /* Frameworks */,
				DD8202182B76877900E48B10 /* Resources */,
			);
			buildRules = (
			);
			dependencies = (
				DD82021C2B76877900E48B10 /* PBXTargetDependency */,
			);
			name = MindHarmonyTests;
			productName = MindHarmonyTests;
			productReference = DD82021A2B76877900E48B10 /* MindHarmonyTests.xctest */;
			productType = "com.apple.product-type.bundle.unit-test";
		};
		DD8202232B76877900E48B10 /* MindHarmonyUITests */ = {
			isa = PBXNativeTarget;
			buildConfigurationList = DD8202342B76877900E48B10 /* Build configuration list for PBXNativeTarget "MindHarmonyUITests" */;
			buildPhases = (
				DD8202202B76877900E48B10 /* Sources */,
				DD8202212B76877900E48B10 /* Frameworks */,
				DD8202222B76877900E48B10 /* Resources */,
			);
			buildRules = (
			);
			dependencies = (
				DD8202262B76877900E48B10 /* PBXTargetDependency */,
			);
			name = MindHarmonyUITests;
			productName = MindHarmonyUITests;
			productReference = DD8202242B76877900E48B10 /* MindHarmonyUITests.xctest */;
			productType = "com.apple.product-type.bundle.ui-testing";
		};
/* End PBXNativeTarget section */

/* Begin PBXProject section */
		DD8202022B76877600E48B10 /* Project object */ = {
			isa = PBXProject;
			attributes = {
				BuildIndependentTargetsInParallel = 1;
				LastSwiftUpdateCheck = 1520;
				LastUpgradeCheck = 1520;
				TargetAttributes = {
					DD8202092B76877600E48B10 = {
						CreatedOnToolsVersion = 15.2;
					};
					DD8202192B76877900E48B10 = {
						CreatedOnToolsVersion = 15.2;
						TestTargetID = DD8202092B76877600E48B10;
					};
					DD8202232B76877900E48B10 = {
						CreatedOnToolsVersion = 15.2;
						TestTargetID = DD8202092B76877600E48B10;
					};
				};
			};
			buildConfigurationList = DD8202052B76877600E48B10 /* Build configuration list for PBXProject "MindHarmony" */;
			compatibilityVersion = "Xcode 14.0";
			developmentRegion = en;
			hasScannedForEncodings = 0;
			knownRegions = (
				en,
				Base,
			);
			mainGroup = DD8202012B76877600E48B10;
			productRefGroup = DD82020B2B76877600E48B10 /* Products */;
			projectDirPath = "";
			projectRoot = "";
			targets = (
				DD8202092B76877600E48B10 /* MindHarmony */,
				DD8202192B76877900E48B10 /* MindHarmonyTests */,
				DD8202232B76877900E48B10 /* MindHarmonyUITests */,
			);
		};
/* End PBXProject section */

/* Begin PBXResourcesBuildPhase section */
		DD8202082B76877600E48B10 /* Resources */ = {
			isa = PBXResourcesBuildPhase;
			buildActionMask = 2147483647;
			files = (
				DD8202152B76877900E48B10 /* Preview Assets.xcassets in Resources */,
				DD8202122B76877900E48B10 /* Assets.xcassets in Resources */,
			);
			runOnlyForDeploymentPostprocessing = 0;
		};
		DD8202182B76877900E48B10 /* Resources */ = {
			isa = PBXResourcesBuildPhase;
			buildActionMask = 2147483647;
			files = (
			);
			runOnlyForDeploymentPostprocessing = 0;
		};
		DD8202222B76877900E48B10 /* Resources */ = {
			isa = PBXResourcesBuildPhase;
			buildActionMask = 2147483647;
			files = (
			);
			runOnlyForDeploymentPostprocessing = 0;
		};
/* End PBXResourcesBuildPhase section */

/* Begin PBXSourcesBuildPhase section */
		DD8202062B76877600E48B10 /* Sources */ = {
			isa = PBXSourcesBuildPhase;
			buildActionMask = 2147483647;
			files = (
				DD8202102B76877600E48B10 /* ContentView.swift in Sources */,
				DD82020E2B76877600E48B10 /* MindHarmonyApp.swift in Sources */,
			);
			runOnlyForDeploymentPostprocessing = 0;
		};
		DD8202162B76877900E48B10 /* Sources */ = {
			isa = PBXSourcesBuildPhase;
			buildActionMask = 2147483647;
			files = (
				DD82021F2B76877900E48B10 /* MindHarmonyTests.swift in Sources */,
			);
			runOnlyForDeploymentPostprocessing = 0;
		};
		DD8202202B76877900E48B10 /* Sources */ = {
			isa = PBXSourcesBuildPhase;
			buildActionMask = 2147483647;
			files = (
				DD8202292B76877900E48B10 /* MindHarmonyUITests.swift in Sources */,
				DD82022B2B76877900E48B10 /* MindHarmonyUITestsLaunchTests.swift in Sources */,
			);
			runOnlyForDeploymentPostprocessing = 0;
		};
/* End PBXSourcesBuildPhase section */

/* Begin PBXTargetDependency section */
		DD82021C2B76877900E48B10 /* PBXTargetDependency */ = {
			isa = PBXTargetDependency;
			target = DD8202092B76877600E48B10 /* MindHarmony */;
			targetProxy = DD82021B2B76877900E48B10 /* PBXContainerItemProxy */;
		};
		DD8202262B76877900E48B10 /* PBXTargetDependency */ = {
			isa = PBXTargetDependency;
			target = DD8202092B76877600E48B10 /* MindHarmony */;
			targetProxy = DD8202252B76877900E48B10 /* PBXContainerItemProxy */;
		};
/* End PBXTargetDependency section */

/* Begin XCBuildConfiguration section */
		DD82022C2B76877900E48B10 /* Debug */ = {
			isa = XCBuildConfiguration;
			buildSettings = {
				ALWAYS_SEARCH_USER_PATHS = NO;
				ASSETCATALOG_COMPILER_GENERATE_SWIFT_ASSET_SYMBOL_EXTENSIONS = YES;
				CLANG_ANALYZER_NONNULL = YES;
				CLANG_ANALYZER_NUMBER_OBJECT_CONVERSION = YES_AGGRESSIVE;
				CLANG_CXX_LANGUAGE_STANDARD = "gnu++20";
				CLANG_ENABLE_MODULES = YES;
				CLANG_ENABLE_OBJC_ARC = YES;
				CLANG_ENABLE_OBJC_WEAK = YES;
				CLANG_WARN_BLOCK_CAPTURE_AUTORELEASING = YES;
				CLANG_WARN_BOOL_CONVERSION = YES;
				CLANG_WARN_COMMA = YES;
				CLANG_WARN_CONSTANT_CONVERSION = YES;
				CLANG_WARN_DEPRECATED_OBJC_IMPLEMENTATIONS = YES;
				CLANG_WARN_DIRECT_OBJC_ISA_USAGE = YES_ERROR;
				CLANG_WARN_DOCUMENTATION_COMMENTS = YES;
				CLANG_WARN_EMPTY_BODY = YES;
				CLANG_WARN_ENUM_CONVERSION = YES;
				CLANG_WARN_INFINITE_RECURSION = YES;
				CLANG_WARN_INT_CONVERSION = YES;
				CLANG_WARN_NON_LITERAL_NULL_CONVERSION = YES;
				CLANG_WARN_OBJC_IMPLICIT_RETAIN_SELF = YES;
				CLANG_WARN_OBJC_LITERAL_CONVERSION = YES;
				CLANG_WARN_OBJC_ROOT_CLASS = YES_ERROR;
				CLANG_WARN_QUOTED_INCLUDE_IN_FRAMEWORK_HEADER = YES;
				CLANG_WARN_RANGE_LOOP_ANALYSIS = YES;
				CLANG_WARN_STRICT_PROTOTYPES = YES;
				CLANG_WARN_SUSPICIOUS_MOVE = YES;
				CLANG_WARN_UNGUARDED_AVAILABILITY = YES_AGGRESSIVE;
				CLANG_WARN_UNREACHABLE_CODE = YES;
				CLANG_WARN__DUPLICATE_METHOD_MATCH = YES;
				COPY_PHASE_STRIP = NO;
				DEBUG_INFORMATION_FORMAT = dwarf;
				ENABLE_STRICT_OBJC_MSGSEND = YES;
				ENABLE_TESTABILITY = YES;
				ENABLE_USER_SCRIPT_SANDBOXING = YES;
				GCC_C_LANGUAGE_STANDARD = gnu17;
				GCC_DYNAMIC_NO_PIC = NO;
				GCC_NO_COMMON_BLOCKS = YES;
				GCC_OPTIMIZATION_LEVEL = 0;
				GCC_PREPROCESSOR_DEFINITIONS = (
					"DEBUG=1",
					"$(inherited)",
				);
				GCC_WARN_64_TO_32_BIT_CONVERSION = YES;
				GCC_WARN_ABOUT_RETURN_TYPE = YES_ERROR;
				GCC_WARN_UNDECLARED_SELECTOR = YES;
				GCC_WARN_UNINITIALIZED_AUTOS = YES_AGGRESSIVE;
				GCC_WARN_UNUSED_FUNCTION = YES;
				GCC_WARN_UNUSED_VARIABLE = YES;
				IPHONEOS_DEPLOYMENT_TARGET = 17.2;
				LOCALIZATION_PREFERS_STRING_CATALOGS = YES;
				MTL_ENABLE_DEBUG_INFO = INCLUDE_SOURCE;
				MTL_FAST_MATH = YES;
				ONLY_ACTIVE_ARCH = YES;
				SDKROOT = iphoneos;
				SWIFT_ACTIVE_COMPILATION_CONDITIONS = "DEBUG $(inherited)";
				SWIFT_OPTIMIZATION_LEVEL = "-Onone";
			};
			name = Debug;
		};
		DD82022D2B76877900E48B10 /* Release */ = {
			isa = XCBuildConfiguration;
			buildSettings = {
				ALWAYS_SEARCH_USER_PATHS = NO;
				ASSETCATALOG_COMPILER_GENERATE_SWIFT_ASSET_SYMBOL_EXTENSIONS = YES;
				CLANG_ANALYZER_NONNULL = YES;
				CLANG_ANALYZER_NUMBER_OBJECT_CONVERSION = YES_AGGRESSIVE;
				CLANG_CXX_LANGUAGE_STANDARD = "gnu++20";
				CLANG_ENABLE_MODULES = YES;
				CLANG_ENABLE_OBJC_ARC = YES;
				CLANG_ENABLE_OBJC_WEAK = YES;
				CLANG_WARN_BLOCK_CAPTURE_AUTORELEASING = YES;
				CLANG_WARN_BOOL_CONVERSION = YES;
				CLANG_WARN_COMMA = YES;
				CLANG_WARN_CONSTANT_CONVERSION = YES;
				CLANG_WARN_DEPRECATED_OBJC_IMPLEMENTATIONS = YES;
				CLANG_WARN_DIRECT_OBJC_ISA_USAGE = YES_ERROR;
				CLANG_WARN_DOCUMENTATION_COMMENTS = YES;
				CLANG_WARN_EMPTY_BODY = YES;
				CLANG_WARN_ENUM_CONVERSION = YES;
				CLANG_WARN_INFINITE_RECURSION = YES;
				CLANG_WARN_INT_CONVERSION = YES;
				CLANG_WARN_NON_LITERAL_NULL_CONVERSION = YES;
				CLANG_WARN_OBJC_IMPLICIT_RETAIN_SELF = YES;
				CLANG_WARN_OBJC_LITERAL_CONVERSION = YES;
				CLANG_WARN_OBJC_ROOT_CLASS = YES_ERROR;
				CLANG_WARN_QUOTED_INCLUDE_IN_FRAMEWORK_HEADER = YES;
				CLANG_WARN_RANGE_LOOP_ANALYSIS = YES;
				CLANG_WARN_STRICT_PROTOTYPES = YES;
				CLANG_WARN_SUSPICIOUS_MOVE = YES;
				CLANG_WARN_UNGUARDED_AVAILABILITY = YES_AGGRESSIVE;
				CLANG_WARN_UNREACHABLE_CODE = YES;
				CLANG_WARN__DUPLICATE_METHOD_MATCH = YES;
				COPY_PHASE_STRIP = NO;
				DEBUG_INFORMATION_FORMAT = "dwarf-with-dsym";
				ENABLE_NS_ASSERTIONS = NO;
				ENABLE_STRICT_OBJC_MSGSEND = YES;
				ENABLE_USER_SCRIPT_SANDBOXING = YES;
				GCC_C_LANGUAGE_STANDARD = gnu17;
				GCC_NO_COMMON_BLOCKS = YES;
				GCC_WARN_64_TO_32_BIT_CONVERSION = YES;
				GCC_WARN_ABOUT_RETURN_TYPE = YES_ERROR;
				GCC_WARN_UNDECLARED_SELECTOR = YES;
				GCC_WARN_UNINITIALIZED_AUTOS = YES_AGGRESSIVE;
				GCC_WARN_UNUSED_FUNCTION = YES;
				GCC_WARN_UNUSED_VARIABLE = YES;
				IPHONEOS_DEPLOYMENT_TARGET = 17.2;
				LOCALIZATION_PREFERS_STRING_CATALOGS = YES;
				MTL_ENABLE_DEBUG_INFO = NO;
				MTL_FAST_MATH = YES;
				SDKROOT = iphoneos;
				SWIFT_COMPILATION_MODE = wholemodule;
				VALIDATE_PRODUCT = YES;
			};
			name = Release;
		};
		DD82022F2B76877900E48B10 /* Debug */ = {
			isa = XCBuildConfiguration;
			buildSettings = {
				ASSETCATALOG_COMPILER_APPICON_NAME = AppIcon;
				ASSETCATALOG_COMPILER_GLOBAL_ACCENT_COLOR_NAME = AccentColor;
				CODE_SIGN_STYLE = Automatic;
				CURRENT_PROJECT_VERSION = 1;
				DEVELOPMENT_ASSET_PATHS = "\"MindHarmony/Preview Content\"";
				DEVELOPMENT_TEAM = 634XQ7A57Z;
				ENABLE_PREVIEWS = YES;
				GENERATE_INFOPLIST_FILE = YES;
				INFOPLIST_KEY_UIApplicationSceneManifest_Generation = YES;
				INFOPLIST_KEY_UIApplicationSupportsIndirectInputEvents = YES;
				INFOPLIST_KEY_UILaunchScreen_Generation = YES;
				INFOPLIST_KEY_UISupportedInterfaceOrientations_iPad = "UIInterfaceOrientationPortrait UIInterfaceOrientationPortraitUpsideDown UIInterfaceOrientationLandscapeLeft UIInterfaceOrientationLandscapeRight";
				INFOPLIST_KEY_UISupportedInterfaceOrientations_iPhone = "UIInterfaceOrientationPortrait UIInterfaceOrientationLandscapeLeft UIInterfaceOrientationLandscapeRight";
				LD_RUNPATH_SEARCH_PATHS = (
					"$(inherited)",
					"@executable_path/Frameworks",
				);
				MARKETING_VERSION = 1.0;
				PRODUCT_BUNDLE_IDENTIFIER = com.esgi.MindHarmony;
				PRODUCT_NAME = "$(TARGET_NAME)";
				SWIFT_EMIT_LOC_STRINGS = YES;
				SWIFT_VERSION = 5.0;
				TARGETED_DEVICE_FAMILY = "1,2";
			};
			name = Debug;
		};
		DD8202302B76877900E48B10 /* Release */ = {
			isa = XCBuildConfiguration;
			buildSettings = {
				ASSETCATALOG_COMPILER_APPICON_NAME = AppIcon;
				ASSETCATALOG_COMPILER_GLOBAL_ACCENT_COLOR_NAME = AccentColor;
				CODE_SIGN_STYLE = Automatic;
				CURRENT_PROJECT_VERSION = 1;
				DEVELOPMENT_ASSET_PATHS = "\"MindHarmony/Preview Content\"";
				DEVELOPMENT_TEAM = 634XQ7A57Z;
				ENABLE_PREVIEWS = YES;
				GENERATE_INFOPLIST_FILE = YES;
				INFOPLIST_KEY_UIApplicationSceneManifest_Generation = YES;
				INFOPLIST_KEY_UIApplicationSupportsIndirectInputEvents = YES;
				INFOPLIST_KEY_UILaunchScreen_Generation = YES;
				INFOPLIST_KEY_UISupportedInterfaceOrientations_iPad = "UIInterfaceOrientationPortrait UIInterfaceOrientationPortraitUpsideDown UIInterfaceOrientationLandscapeLeft UIInterfaceOrientationLandscapeRight";
				INFOPLIST_KEY_UISupportedInterfaceOrientations_iPhone = "UIInterfaceOrientationPortrait UIInterfaceOrientationLandscapeLeft UIInterfaceOrientationLandscapeRight";
				LD_RUNPATH_SEARCH_PATHS = (
					"$(inherited)",
					"@executable_path/Frameworks",
				);
				MARKETING_VERSION = 1.0;
				PRODUCT_BUNDLE_IDENTIFIER = com.esgi.MindHarmony;
				PRODUCT_NAME = "$(TARGET_NAME)";
				SWIFT_EMIT_LOC_STRINGS = YES;
				SWIFT_VERSION = 5.0;
				TARGETED_DEVICE_FAMILY = "1,2";
			};
			name = Release;
		};
		DD8202322B76877900E48B10 /* Debug */ = {
			isa = XCBuildConfiguration;
			buildSettings = {
				ALWAYS_EMBED_SWIFT_STANDARD_LIBRARIES = YES;
				BUNDLE_LOADER = "$(TEST_HOST)";
				CODE_SIGN_STYLE = Automatic;
				CURRENT_PROJECT_VERSION = 1;
				DEVELOPMENT_TEAM = 634XQ7A57Z;
				GENERATE_INFOPLIST_FILE = YES;
				IPHONEOS_DEPLOYMENT_TARGET = 17.2;
				MARKETING_VERSION = 1.0;
				PRODUCT_BUNDLE_IDENTIFIER = com.esgi.MindHarmonyTests;
				PRODUCT_NAME = "$(TARGET_NAME)";
				SWIFT_EMIT_LOC_STRINGS = NO;
				SWIFT_VERSION = 5.0;
				TARGETED_DEVICE_FAMILY = "1,2";
				TEST_HOST = "$(BUILT_PRODUCTS_DIR)/MindHarmony.app/$(BUNDLE_EXECUTABLE_FOLDER_PATH)/MindHarmony";
			};
			name = Debug;
		};
		DD8202332B76877900E48B10 /* Release */ = {
			isa = XCBuildConfiguration;
			buildSettings = {
				ALWAYS_EMBED_SWIFT_STANDARD_LIBRARIES = YES;
				BUNDLE_LOADER = "$(TEST_HOST)";
				CODE_SIGN_STYLE = Automatic;
				CURRENT_PROJECT_VERSION = 1;
				DEVELOPMENT_TEAM = 634XQ7A57Z;
				GENERATE_INFOPLIST_FILE = YES;
				IPHONEOS_DEPLOYMENT_TARGET = 17.2;
				MARKETING_VERSION = 1.0;
				PRODUCT_BUNDLE_IDENTIFIER = com.esgi.MindHarmonyTests;
				PRODUCT_NAME = "$(TARGET_NAME)";
				SWIFT_EMIT_LOC_STRINGS = NO;
				SWIFT_VERSION = 5.0;
				TARGETED_DEVICE_FAMILY = "1,2";
				TEST_HOST = "$(BUILT_PRODUCTS_DIR)/MindHarmony.app/$(BUNDLE_EXECUTABLE_FOLDER_PATH)/MindHarmony";
			};
			name = Release;
		};
		DD8202352B76877900E48B10 /* Debug */ = {
			isa = XCBuildConfiguration;
			buildSettings = {
				ALWAYS_EMBED_SWIFT_STANDARD_LIBRARIES = YES;
				CODE_SIGN_STYLE = Automatic;
				CURRENT_PROJECT_VERSION = 1;
				DEVELOPMENT_TEAM = 634XQ7A57Z;
				GENERATE_INFOPLIST_FILE = YES;
				MARKETING_VERSION = 1.0;
				PRODUCT_BUNDLE_IDENTIFIER = com.esgi.MindHarmonyUITests;
				PRODUCT_NAME = "$(TARGET_NAME)";
				SWIFT_EMIT_LOC_STRINGS = NO;
				SWIFT_VERSION = 5.0;
				TARGETED_DEVICE_FAMILY = "1,2";
				TEST_TARGET_NAME = MindHarmony;
			};
			name = Debug;
		};
		DD8202362B76877900E48B10 /* Release */ = {
			isa = XCBuildConfiguration;
			buildSettings = {
				ALWAYS_EMBED_SWIFT_STANDARD_LIBRARIES = YES;
				CODE_SIGN_STYLE = Automatic;
				CURRENT_PROJECT_VERSION = 1;
				DEVELOPMENT_TEAM = 634XQ7A57Z;
				GENERATE_INFOPLIST_FILE = YES;
				MARKETING_VERSION = 1.0;
				PRODUCT_BUNDLE_IDENTIFIER = com.esgi.MindHarmonyUITests;
				PRODUCT_NAME = "$(TARGET_NAME)";
				SWIFT_EMIT_LOC_STRINGS = NO;
				SWIFT_VERSION = 5.0;
				TARGETED_DEVICE_FAMILY = "1,2";
				TEST_TARGET_NAME = MindHarmony;
			};
			name = Release;
		};
/* End XCBuildConfiguration section */

/* Begin XCConfigurationList section */
		DD8202052B76877600E48B10 /* Build configuration list for PBXProject "MindHarmony" */ = {
			isa = XCConfigurationList;
			buildConfigurations = (
				DD82022C2B76877900E48B10 /* Debug */,
				DD82022D2B76877900E48B10 /* Release */,
			);
			defaultConfigurationIsVisible = 0;
			defaultConfigurationName = Release;
		};
		DD82022E2B76877900E48B10 /* Build configuration list for PBXNativeTarget "MindHarmony" */ = {
			isa = XCConfigurationList;
			buildConfigurations = (
				DD82022F2B76877900E48B10 /* Debug */,
				DD8202302B76877900E48B10 /* Release */,
			);
			defaultConfigurationIsVisible = 0;
			defaultConfigurationName = Release;
		};
		DD8202312B76877900E48B10 /* Build configuration list for PBXNativeTarget "MindHarmonyTests" */ = {
			isa = XCConfigurationList;
			buildConfigurations = (
				DD8202322B76877900E48B10 /* Debug */,
				DD8202332B76877900E48B10 /* Release */,
			);
			defaultConfigurationIsVisible = 0;
			defaultConfigurationName = Release;
		};
		DD8202342B76877900E48B10 /* Build configuration list for PBXNativeTarget "MindHarmonyUITests" */ = {
			isa = XCConfigurationList;
			buildConfigurations = (
				DD8202352B76877900E48B10 /* Debug */,
				DD8202362B76877900E48B10 /* Release */,
			);
			defaultConfigurationIsVisible = 0;
			defaultConfigurationName = Release;
		};
/* End XCConfigurationList section */
	};
	rootObject = DD8202022B76877600E48B10 /* Project object */;
}
